
Microsoft Visual Studio Solution File, Format Version 12.00
# Visual Studio 14
VisualStudioVersion = 14.0.25420.1
MinimumVisualStudioVersion = 10.0.40219.1
Project("{FAE04EC0-301F-11D3-BF4B-00C04F79EFBC}") = "restaurante", "WindowsFormsApplication1\restaurante.csproj", "{059F7A1F-01CC-4F0E-B3BE-C999B6207DCE}"
EndProject
Global
	GlobalSection(SolutionConfigurationPlatforms) = preSolution
		Debug|Any CPU = Debug|Any CPU
		Release|Any CPU = Release|Any CPU
	EndGlobalSection
	GlobalSection(ProjectConfigurationPlatforms) = postSolution
		{059F7A1F-01CC-4F0E-B3BE-C999B6207DCE}.Debug|Any CPU.ActiveCfg = Debug|Any CPU
		{059F7A1F-01CC-4F0E-B3BE-C999B6207DCE}.Debug|Any CPU.Build.0 = Debug|Any CPU
		{059F7A1F-01CC-4F0E-B3BE-C999B6207DCE}.Release|Any CPU.ActiveCfg = Release|Any CPU
		{059F7A1F-01CC-4F0E-B3BE-C999B6207DCE}.Release|Any CPU.Build.0 = Release|Any CPU
	EndGlobalSection
	GlobalSection(SolutionProperties) = preSolution
		HideSolutionNode = FALSE
	EndGlobalSection
EndGlobal
